{
  "name": "robinparadise.github.io",
  "lockfileVersion": 3,
  "requires": true,
  "packages": {
    "": {
      "dependencies": {
        "@highlightjs/cdn-assets": "^11.10.0",
        "highlight.js": "^11.10.0",
        "marked": "^15.0.0",
        "marked-highlight": "^2.2.1"
      }
    },
    "node_modules/@highlightjs/cdn-assets": {
      "version": "11.10.0",
      "resolved": "https://registry.npmjs.org/@highlightjs/cdn-assets/-/cdn-assets-11.10.0.tgz",
      "integrity": "sha512-vWXpu+Rdm0YMJmugFdUiL/9DmgYjEiV+d5DBqlXdApnGPSIeo6+LRS5Hpx6fvVsKkvR4RsLYD9rQ6DOLkj7OKA==",
      "engines": {
        "node": ">=12.0.0"
      }
    },
    "node_modules/highlight.js": {
      "version": "11.10.0",
      "resolved": "https://registry.npmjs.org/highlight.js/-/highlight.js-11.10.0.tgz",
      "integrity": "sha512-SYVnVFswQER+zu1laSya563s+F8VDGt7o35d4utbamowvUNLLMovFqwCLSocpZTz3MgaSRA1IbqRWZv97dtErQ==",
      "engines": {
        "node": ">=12.0.0"
      }
    },
    "node_modules/marked": {
      "version": "15.0.0",
      "resolved": "https://registry.npmjs.org/marked/-/marked-15.0.0.tgz",
      "integrity": "sha512-0mouKmBROJv/WSHJBPZZyYofUgawMChnD5je/g+aOBXsHDjb/IsnTQj7mnhQZu+qPJmRQ0ecX3mLGEUm3BgwYA==",
      "bin": {
        "marked": "bin/marked.js"
      },
      "engines": {
        "node": ">= 18"
      }
    },
    "node_modules/marked-highlight": {
      "version": "2.2.1",
      "resolved": "https://registry.npmjs.org/marked-highlight/-/marked-highlight-2.2.1.tgz",
      "integrity": "sha512-SiCIeEiQbs9TxGwle9/OwbOejHCZsohQRaNTY2u8euEXYt2rYUFoiImUirThU3Gd/o6Q1gHGtH9qloHlbJpNIA==",
      "peerDependencies": {
        "marked": ">=4 <16"
      }
    }
  }
}
